// !$*UTF8*$!
{
	archiveVersion = 1;
	classes = {
	};
	objectVersion = 56;
	objects = {

/* Begin PBXBuildFile section */
		BDBB31572BE00CA600E8618C /* MainApp.swift in Sources */ = {isa = PBXBuildFile; fileRef = BDBB31562BE00CA600E8618C /* MainApp.swift */; };
		BDBB31592BE00CA600E8618C /* SearchView.swift in Sources */ = {isa = PBXBuildFile; fileRef = BDBB31582BE00CA600E8618C /* SearchView.swift */; };
		BDBB315B2BE00CA800E8618C /* Assets.xcassets in Resources */ = {isa = PBXBuildFile; fileRef = BDBB315A2BE00CA800E8618C /* Assets.xcassets */; };
		BDBB315F2BE00CA800E8618C /* Preview Assets.xcassets in Resources */ = {isa = PBXBuildFile; fileRef = BDBB315E2BE00CA800E8618C /* Preview Assets.xcassets */; };
		BDBB31732BE00CA800E8618C /* sunshine_or_apocalypseUITests.swift in Sources */ = {isa = PBXBuildFile; fileRef = BDBB31722BE00CA800E8618C /* sunshine_or_apocalypseUITests.swift */; };
		BDBB31752BE00CA800E8618C /* sunshine_or_apocalypseUITestsLaunchTests.swift in Sources */ = {isa = PBXBuildFile; fileRef = BDBB31742BE00CA800E8618C /* sunshine_or_apocalypseUITestsLaunchTests.swift */; };
		BDBB31862BE00EE900E8618C /* CoordinatorView.swift in Sources */ = {isa = PBXBuildFile; fileRef = BDBB31852BE00EE900E8618C /* CoordinatorView.swift */; };
		BDBB31882BE00F2D00E8618C /* DependencyCoordinator.swift in Sources */ = {isa = PBXBuildFile; fileRef = BDBB31872BE00F2D00E8618C /* DependencyCoordinator.swift */; };
		BDBB318E2BE010B700E8618C /* AlertManager.swift in Sources */ = {isa = PBXBuildFile; fileRef = BDBB318D2BE010B700E8618C /* AlertManager.swift */; };
		BDBB31912BE0111500E8618C /* SunshineOrApocalypseAlert.swift in Sources */ = {isa = PBXBuildFile; fileRef = BDBB31902BE0111500E8618C /* SunshineOrApocalypseAlert.swift */; };
		BDBB31932BE0131800E8618C /* Dimensions+extension.swift in Sources */ = {isa = PBXBuildFile; fileRef = BDBB31922BE0131800E8618C /* Dimensions+extension.swift */; };
		BDBB31962BE014D900E8618C /* SunshineOrApocalypseTextFieldStyle.swift in Sources */ = {isa = PBXBuildFile; fileRef = BDBB31952BE014D900E8618C /* SunshineOrApocalypseTextFieldStyle.swift */; };
		BDBB31982BE0151A00E8618C /* FontSize+extension.swift in Sources */ = {isa = PBXBuildFile; fileRef = BDBB31972BE0151A00E8618C /* FontSize+extension.swift */; };
		BDBB319B2BE0155600E8618C /* Font+extension.swift in Sources */ = {isa = PBXBuildFile; fileRef = BDBB319A2BE0155600E8618C /* Font+extension.swift */; };
		BDBB319D2BE0158100E8618C /* FontName.swift in Sources */ = {isa = PBXBuildFile; fileRef = BDBB319C2BE0158100E8618C /* FontName.swift */; };
		BDBB31A52BE016AB00E8618C /* Color+extension.swift in Sources */ = {isa = PBXBuildFile; fileRef = BDBB31A42BE016AB00E8618C /* Color+extension.swift */; };
		BDBB31A72BE0186500E8618C /* Navigation.swift in Sources */ = {isa = PBXBuildFile; fileRef = BDBB31A62BE0186500E8618C /* Navigation.swift */; };
		BDBB31AD2BE01D9D00E8618C /* WeatherRepository.swift in Sources */ = {isa = PBXBuildFile; fileRef = BDBB31AC2BE01D9D00E8618C /* WeatherRepository.swift */; };
		BDBB31B02BE01E7300E8618C /* ApiRequest.swift in Sources */ = {isa = PBXBuildFile; fileRef = BDBB31AF2BE01E7300E8618C /* ApiRequest.swift */; };
		BDBB31B32BE01EE400E8618C /* NetworkSession.swift in Sources */ = {isa = PBXBuildFile; fileRef = BDBB31B22BE01EE400E8618C /* NetworkSession.swift */; };
		BDBB31B72BE01FEE00E8618C /* Alamofire in Frameworks */ = {isa = PBXBuildFile; productRef = BDBB31B62BE01FEE00E8618C /* Alamofire */; };
		BDBB31B92BE0204B00E8618C /* Url+extension.swift in Sources */ = {isa = PBXBuildFile; fileRef = BDBB31B82BE0204B00E8618C /* Url+extension.swift */; };
		BDBB31BB2BE020E500E8618C /* WeatherRequest.swift in Sources */ = {isa = PBXBuildFile; fileRef = BDBB31BA2BE020E500E8618C /* WeatherRequest.swift */; };
		BDBB31BE2BE022AF00E8618C /* WeatherService.swift in Sources */ = {isa = PBXBuildFile; fileRef = BDBB31BD2BE022AF00E8618C /* WeatherService.swift */; };
		BDBB31C12BE025F200E8618C /* LoadingView.swift in Sources */ = {isa = PBXBuildFile; fileRef = BDBB31C02BE025F200E8618C /* LoadingView.swift */; };
		BDBB31C42BE028C000E8618C /* PrimaryButton.swift in Sources */ = {isa = PBXBuildFile; fileRef = BDBB31C32BE028C000E8618C /* PrimaryButton.swift */; };
		BDBB31C52BE02CD000E8618C /* open_sans_bold.ttf in Resources */ = {isa = PBXBuildFile; fileRef = BDBB31A22BE015C500E8618C /* open_sans_bold.ttf */; };
		BDBB31C62BE02CD000E8618C /* open_sans_semi_bold.ttf in Resources */ = {isa = PBXBuildFile; fileRef = BDBB31A12BE015C500E8618C /* open_sans_semi_bold.ttf */; };
		BDBB31C72BE02CD000E8618C /* open_sans_regular.ttf in Resources */ = {isa = PBXBuildFile; fileRef = BDBB31A02BE015C500E8618C /* open_sans_regular.ttf */; };
		BDBB31C92BE035D600E8618C /* WeatherResponse.swift in Sources */ = {isa = PBXBuildFile; fileRef = BDBB31C82BE035D600E8618C /* WeatherResponse.swift */; };
		BDBB31CC2BE036AC00E8618C /* WeatherDto.swift in Sources */ = {isa = PBXBuildFile; fileRef = BDBB31CB2BE036AC00E8618C /* WeatherDto.swift */; };
		BDBB31CF2BE038CF00E8618C /* WatherResultsState.swift in Sources */ = {isa = PBXBuildFile; fileRef = BDBB31CE2BE038CF00E8618C /* WatherResultsState.swift */; };
		BDBB31D22BE0393200E8618C /* Weather.swift in Sources */ = {isa = PBXBuildFile; fileRef = BDBB31D12BE0393200E8618C /* Weather.swift */; };
		BDBB31D52BE12C2B00E8618C /* LocationService.swift in Sources */ = {isa = PBXBuildFile; fileRef = BDBB31D42BE12C2B00E8618C /* LocationService.swift */; };
		BDBB31D72BE12C7F00E8618C /* Coordinates.swift in Sources */ = {isa = PBXBuildFile; fileRef = BDBB31D62BE12C7F00E8618C /* Coordinates.swift */; };
		BDBB31DA2BE145E800E8618C /* WeatherTitleUtil.swift in Sources */ = {isa = PBXBuildFile; fileRef = BDBB31D92BE145E800E8618C /* WeatherTitleUtil.swift */; };
		BDBB31DC2BE149EE00E8618C /* WeatherTitleUtilTests.swift in Sources */ = {isa = PBXBuildFile; fileRef = BDBB31DB2BE149EE00E8618C /* WeatherTitleUtilTests.swift */; };
		BDBB31E02BE14B4F00E8618C /* LocationServiceTests.swift in Sources */ = {isa = PBXBuildFile; fileRef = BDBB31DF2BE14B4F00E8618C /* LocationServiceTests.swift */; };
		BDBB31E22BE152A700E8618C /* WeatherResultsView.swift in Sources */ = {isa = PBXBuildFile; fileRef = BDBB31E12BE152A700E8618C /* WeatherResultsView.swift */; };
/* End PBXBuildFile section */

/* Begin PBXContainerItemProxy section */
		BDBB31652BE00CA800E8618C /* PBXContainerItemProxy */ = {
			isa = PBXContainerItemProxy;
			containerPortal = BDBB314B2BE00CA600E8618C /* Project object */;
			proxyType = 1;
			remoteGlobalIDString = BDBB31522BE00CA600E8618C;
			remoteInfo = "sunshine-or-apocalypse";
		};
		BDBB316F2BE00CA800E8618C /* PBXContainerItemProxy */ = {
			isa = PBXContainerItemProxy;
			containerPortal = BDBB314B2BE00CA600E8618C /* Project object */;
			proxyType = 1;
			remoteGlobalIDString = BDBB31522BE00CA600E8618C;
			remoteInfo = "sunshine-or-apocalypse";
		};
/* End PBXContainerItemProxy section */

/* Begin PBXFileReference section */
		BDBB31532BE00CA600E8618C /* sunshine-or-apocalypse.app */ = {isa = PBXFileReference; explicitFileType = wrapper.application; includeInIndex = 0; path = "sunshine-or-apocalypse.app"; sourceTree = BUILT_PRODUCTS_DIR; };
		BDBB31562BE00CA600E8618C /* MainApp.swift */ = {isa = PBXFileReference; lastKnownFileType = sourcecode.swift; path = MainApp.swift; sourceTree = "<group>"; };
		BDBB31582BE00CA600E8618C /* SearchView.swift */ = {isa = PBXFileReference; lastKnownFileType = sourcecode.swift; path = SearchView.swift; sourceTree = "<group>"; };
		BDBB315A2BE00CA800E8618C /* Assets.xcassets */ = {isa = PBXFileReference; lastKnownFileType = folder.assetcatalog; path = Assets.xcassets; sourceTree = "<group>"; };
		BDBB315C2BE00CA800E8618C /* sunshine_or_apocalypse.entitlements */ = {isa = PBXFileReference; lastKnownFileType = text.plist.entitlements; path = sunshine_or_apocalypse.entitlements; sourceTree = "<group>"; };
		BDBB315E2BE00CA800E8618C /* Preview Assets.xcassets */ = {isa = PBXFileReference; lastKnownFileType = folder.assetcatalog; path = "Preview Assets.xcassets"; sourceTree = "<group>"; };
		BDBB31642BE00CA800E8618C /* sunshine-or-apocalypseTests.xctest */ = {isa = PBXFileReference; explicitFileType = wrapper.cfbundle; includeInIndex = 0; path = "sunshine-or-apocalypseTests.xctest"; sourceTree = BUILT_PRODUCTS_DIR; };
		BDBB316E2BE00CA800E8618C /* sunshine-or-apocalypseUITests.xctest */ = {isa = PBXFileReference; explicitFileType = wrapper.cfbundle; includeInIndex = 0; path = "sunshine-or-apocalypseUITests.xctest"; sourceTree = BUILT_PRODUCTS_DIR; };
		BDBB31722BE00CA800E8618C /* sunshine_or_apocalypseUITests.swift */ = {isa = PBXFileReference; lastKnownFileType = sourcecode.swift; path = sunshine_or_apocalypseUITests.swift; sourceTree = "<group>"; };
		BDBB31742BE00CA800E8618C /* sunshine_or_apocalypseUITestsLaunchTests.swift */ = {isa = PBXFileReference; lastKnownFileType = sourcecode.swift; path = sunshine_or_apocalypseUITestsLaunchTests.swift; sourceTree = "<group>"; };
		BDBB31852BE00EE900E8618C /* CoordinatorView.swift */ = {isa = PBXFileReference; lastKnownFileType = sourcecode.swift; path = CoordinatorView.swift; sourceTree = "<group>"; };
		BDBB31872BE00F2D00E8618C /* DependencyCoordinator.swift */ = {isa = PBXFileReference; lastKnownFileType = sourcecode.swift; path = DependencyCoordinator.swift; sourceTree = "<group>"; };
		BDBB318D2BE010B700E8618C /* AlertManager.swift */ = {isa = PBXFileReference; lastKnownFileType = sourcecode.swift; path = AlertManager.swift; sourceTree = "<group>"; };
		BDBB31902BE0111500E8618C /* SunshineOrApocalypseAlert.swift */ = {isa = PBXFileReference; lastKnownFileType = sourcecode.swift; path = SunshineOrApocalypseAlert.swift; sourceTree = "<group>"; };
		BDBB31922BE0131800E8618C /* Dimensions+extension.swift */ = {isa = PBXFileReference; lastKnownFileType = sourcecode.swift; path = "Dimensions+extension.swift"; sourceTree = "<group>"; };
		BDBB31952BE014D900E8618C /* SunshineOrApocalypseTextFieldStyle.swift */ = {isa = PBXFileReference; lastKnownFileType = sourcecode.swift; path = SunshineOrApocalypseTextFieldStyle.swift; sourceTree = "<group>"; };
		BDBB31972BE0151A00E8618C /* FontSize+extension.swift */ = {isa = PBXFileReference; lastKnownFileType = sourcecode.swift; path = "FontSize+extension.swift"; sourceTree = "<group>"; };
		BDBB319A2BE0155600E8618C /* Font+extension.swift */ = {isa = PBXFileReference; lastKnownFileType = sourcecode.swift; path = "Font+extension.swift"; sourceTree = "<group>"; };
		BDBB319C2BE0158100E8618C /* FontName.swift */ = {isa = PBXFileReference; lastKnownFileType = sourcecode.swift; path = FontName.swift; sourceTree = "<group>"; };
		BDBB31A02BE015C500E8618C /* open_sans_regular.ttf */ = {isa = PBXFileReference; lastKnownFileType = file; path = open_sans_regular.ttf; sourceTree = "<group>"; };
		BDBB31A12BE015C500E8618C /* open_sans_semi_bold.ttf */ = {isa = PBXFileReference; lastKnownFileType = file; path = open_sans_semi_bold.ttf; sourceTree = "<group>"; };
		BDBB31A22BE015C500E8618C /* open_sans_bold.ttf */ = {isa = PBXFileReference; lastKnownFileType = file; path = open_sans_bold.ttf; sourceTree = "<group>"; };
		BDBB31A32BE015ED00E8618C /* Info.plist */ = {isa = PBXFileReference; lastKnownFileType = text.plist; path = Info.plist; sourceTree = "<group>"; };
		BDBB31A42BE016AB00E8618C /* Color+extension.swift */ = {isa = PBXFileReference; lastKnownFileType = sourcecode.swift; path = "Color+extension.swift"; sourceTree = "<group>"; };
		BDBB31A62BE0186500E8618C /* Navigation.swift */ = {isa = PBXFileReference; lastKnownFileType = sourcecode.swift; path = Navigation.swift; sourceTree = "<group>"; };
		BDBB31AC2BE01D9D00E8618C /* WeatherRepository.swift */ = {isa = PBXFileReference; lastKnownFileType = sourcecode.swift; path = WeatherRepository.swift; sourceTree = "<group>"; };
		BDBB31AF2BE01E7300E8618C /* ApiRequest.swift */ = {isa = PBXFileReference; lastKnownFileType = sourcecode.swift; path = ApiRequest.swift; sourceTree = "<group>"; };
		BDBB31B22BE01EE400E8618C /* NetworkSession.swift */ = {isa = PBXFileReference; lastKnownFileType = sourcecode.swift; path = NetworkSession.swift; sourceTree = "<group>"; };
		BDBB31B82BE0204B00E8618C /* Url+extension.swift */ = {isa = PBXFileReference; lastKnownFileType = sourcecode.swift; path = "Url+extension.swift"; sourceTree = "<group>"; };
		BDBB31BA2BE020E500E8618C /* WeatherRequest.swift */ = {isa = PBXFileReference; lastKnownFileType = sourcecode.swift; path = WeatherRequest.swift; sourceTree = "<group>"; };
		BDBB31BD2BE022AF00E8618C /* WeatherService.swift */ = {isa = PBXFileReference; lastKnownFileType = sourcecode.swift; path = WeatherService.swift; sourceTree = "<group>"; };
		BDBB31C02BE025F200E8618C /* LoadingView.swift */ = {isa = PBXFileReference; lastKnownFileType = sourcecode.swift; path = LoadingView.swift; sourceTree = "<group>"; };
		BDBB31C32BE028C000E8618C /* PrimaryButton.swift */ = {isa = PBXFileReference; lastKnownFileType = sourcecode.swift; path = PrimaryButton.swift; sourceTree = "<group>"; };
		BDBB31C82BE035D600E8618C /* WeatherResponse.swift */ = {isa = PBXFileReference; lastKnownFileType = sourcecode.swift; path = WeatherResponse.swift; sourceTree = "<group>"; };
		BDBB31CB2BE036AC00E8618C /* WeatherDto.swift */ = {isa = PBXFileReference; lastKnownFileType = sourcecode.swift; path = WeatherDto.swift; sourceTree = "<group>"; };
		BDBB31CE2BE038CF00E8618C /* WatherResultsState.swift */ = {isa = PBXFileReference; lastKnownFileType = sourcecode.swift; path = WatherResultsState.swift; sourceTree = "<group>"; };
		BDBB31D12BE0393200E8618C /* Weather.swift */ = {isa = PBXFileReference; lastKnownFileType = sourcecode.swift; path = Weather.swift; sourceTree = "<group>"; };
		BDBB31D42BE12C2B00E8618C /* LocationService.swift */ = {isa = PBXFileReference; lastKnownFileType = sourcecode.swift; path = LocationService.swift; sourceTree = "<group>"; };
		BDBB31D62BE12C7F00E8618C /* Coordinates.swift */ = {isa = PBXFileReference; lastKnownFileType = sourcecode.swift; path = Coordinates.swift; sourceTree = "<group>"; };
		BDBB31D92BE145E800E8618C /* WeatherTitleUtil.swift */ = {isa = PBXFileReference; lastKnownFileType = sourcecode.swift; path = WeatherTitleUtil.swift; sourceTree = "<group>"; };
		BDBB31DB2BE149EE00E8618C /* WeatherTitleUtilTests.swift */ = {isa = PBXFileReference; lastKnownFileType = sourcecode.swift; path = WeatherTitleUtilTests.swift; sourceTree = "<group>"; };
		BDBB31DF2BE14B4F00E8618C /* LocationServiceTests.swift */ = {isa = PBXFileReference; lastKnownFileType = sourcecode.swift; path = LocationServiceTests.swift; sourceTree = "<group>"; };
		BDBB31E12BE152A700E8618C /* WeatherResultsView.swift */ = {isa = PBXFileReference; fileEncoding = 4; lastKnownFileType = sourcecode.swift; path = WeatherResultsView.swift; sourceTree = "<group>"; };
/* End PBXFileReference section */

/* Begin PBXFrameworksBuildPhase section */
		BDBB31502BE00CA600E8618C /* Frameworks */ = {
			isa = PBXFrameworksBuildPhase;
			buildActionMask = 2147483647;
			files = (
				BDBB31B72BE01FEE00E8618C /* Alamofire in Frameworks */,
			);
			runOnlyForDeploymentPostprocessing = 0;
		};
		BDBB31612BE00CA800E8618C /* Frameworks */ = {
			isa = PBXFrameworksBuildPhase;
			buildActionMask = 2147483647;
			files = (
			);
			runOnlyForDeploymentPostprocessing = 0;
		};
		BDBB316B2BE00CA800E8618C /* Frameworks */ = {
			isa = PBXFrameworksBuildPhase;
			buildActionMask = 2147483647;
			files = (
			);
			runOnlyForDeploymentPostprocessing = 0;
		};
/* End PBXFrameworksBuildPhase section */

/* Begin PBXGroup section */
		BDBB314A2BE00CA600E8618C = {
			isa = PBXGroup;
			children = (
				BDBB31552BE00CA600E8618C /* sunshine-or-apocalypse */,
				BDBB31672BE00CA800E8618C /* sunshine-or-apocalypseTests */,
				BDBB31712BE00CA800E8618C /* sunshine-or-apocalypseUITests */,
				BDBB31542BE00CA600E8618C /* Products */,
			);
			sourceTree = "<group>";
		};
		BDBB31542BE00CA600E8618C /* Products */ = {
			isa = PBXGroup;
			children = (
				BDBB31532BE00CA600E8618C /* sunshine-or-apocalypse.app */,
				BDBB31642BE00CA800E8618C /* sunshine-or-apocalypseTests.xctest */,
				BDBB316E2BE00CA800E8618C /* sunshine-or-apocalypseUITests.xctest */,
			);
			name = Products;
			sourceTree = "<group>";
		};
		BDBB31552BE00CA600E8618C /* sunshine-or-apocalypse */ = {
			isa = PBXGroup;
			children = (
				BDBB31A32BE015ED00E8618C /* Info.plist */,
				BDBB319F2BE015AF00E8618C /* Font */,
				BDBB31812BE00E4B00E8618C /* Source */,
				BDBB315A2BE00CA800E8618C /* Assets.xcassets */,
				BDBB315C2BE00CA800E8618C /* sunshine_or_apocalypse.entitlements */,
				BDBB315D2BE00CA800E8618C /* Preview Content */,
			);
			path = "sunshine-or-apocalypse";
			sourceTree = "<group>";
		};
		BDBB315D2BE00CA800E8618C /* Preview Content */ = {
			isa = PBXGroup;
			children = (
				BDBB315E2BE00CA800E8618C /* Preview Assets.xcassets */,
			);
			path = "Preview Content";
			sourceTree = "<group>";
		};
		BDBB31672BE00CA800E8618C /* sunshine-or-apocalypseTests */ = {
			isa = PBXGroup;
			children = (
				BDBB31DE2BE14B3800E8618C /* Services */,
				BDBB31DD2BE14B3000E8618C /* Utils */,
			);
			path = "sunshine-or-apocalypseTests";
			sourceTree = "<group>";
		};
		BDBB31712BE00CA800E8618C /* sunshine-or-apocalypseUITests */ = {
			isa = PBXGroup;
			children = (
				BDBB31722BE00CA800E8618C /* sunshine_or_apocalypseUITests.swift */,
				BDBB31742BE00CA800E8618C /* sunshine_or_apocalypseUITestsLaunchTests.swift */,
			);
			path = "sunshine-or-apocalypseUITests";
			sourceTree = "<group>";
		};
		BDBB31812BE00E4B00E8618C /* Source */ = {
			isa = PBXGroup;
			children = (
				BDBB31D32BE05DEB00E8618C /* Data */,
				BDBB31AA2BE01D6400E8618C /* Domain */,
				BDBB31AB2BE01D8300E8618C /* Presentation */,
			);
			path = Source;
			sourceTree = "<group>";
		};
		BDBB31822BE00EA400E8618C /* Screens */ = {
			isa = PBXGroup;
			children = (
				BDBB31582BE00CA600E8618C /* SearchView.swift */,
				BDBB31E12BE152A700E8618C /* WeatherResultsView.swift */,
			);
			path = Screens;
			sourceTree = "<group>";
		};
		BDBB31892BE00F7000E8618C /* Managers */ = {
			isa = PBXGroup;
			children = (
				BDBB318D2BE010B700E8618C /* AlertManager.swift */,
			);
			path = Managers;
			sourceTree = "<group>";
		};
		BDBB318C2BE0103600E8618C /* Views */ = {
			isa = PBXGroup;
			children = (
				BDBB31852BE00EE900E8618C /* CoordinatorView.swift */,
				BDBB31562BE00CA600E8618C /* MainApp.swift */,
				BDBB31C22BE0268C00E8618C /* Fragments */,
				BDBB31822BE00EA400E8618C /* Screens */,
			);
			path = Views;
			sourceTree = "<group>";
		};
		BDBB318F2BE010E900E8618C /* Models */ = {
			isa = PBXGroup;
			children = (
				BDBB31D62BE12C7F00E8618C /* Coordinates.swift */,
				BDBB31902BE0111500E8618C /* SunshineOrApocalypseAlert.swift */,
				BDBB31D12BE0393200E8618C /* Weather.swift */,
				BDBB31D02BE0392500E8618C /* Dto */,
			);
			path = Models;
			sourceTree = "<group>";
		};
		BDBB31942BE0133600E8618C /* Extensions */ = {
			isa = PBXGroup;
			children = (
				BDBB31922BE0131800E8618C /* Dimensions+extension.swift */,
				BDBB31972BE0151A00E8618C /* FontSize+extension.swift */,
				BDBB319A2BE0155600E8618C /* Font+extension.swift */,
				BDBB31A42BE016AB00E8618C /* Color+extension.swift */,
				BDBB31B82BE0204B00E8618C /* Url+extension.swift */,
			);
			path = Extensions;
			sourceTree = "<group>";
		};
		BDBB31992BE0153200E8618C /* Modifiers */ = {
			isa = PBXGroup;
			children = (
				BDBB31952BE014D900E8618C /* SunshineOrApocalypseTextFieldStyle.swift */,
				BDBB31A62BE0186500E8618C /* Navigation.swift */,
			);
			path = Modifiers;
			sourceTree = "<group>";
		};
		BDBB319E2BE0159100E8618C /* Constants */ = {
			isa = PBXGroup;
			children = (
				BDBB319C2BE0158100E8618C /* FontName.swift */,
			);
			path = Constants;
			sourceTree = "<group>";
		};
		BDBB319F2BE015AF00E8618C /* Font */ = {
			isa = PBXGroup;
			children = (
				BDBB31A22BE015C500E8618C /* open_sans_bold.ttf */,
				BDBB31A02BE015C500E8618C /* open_sans_regular.ttf */,
				BDBB31A12BE015C500E8618C /* open_sans_semi_bold.ttf */,
			);
			path = Font;
			sourceTree = "<group>";
		};
		BDBB31AA2BE01D6400E8618C /* Domain */ = {
			isa = PBXGroup;
			children = (
				BDBB31D82BE145D100E8618C /* Utils */,
				BDBB31892BE00F7000E8618C /* Managers */,
				BDBB318F2BE010E900E8618C /* Models */,
				BDBB31BF2BE022B700E8618C /* Services */,
				BDBB31CD2BE038BD00E8618C /* States */,
			);
			path = Domain;
			sourceTree = "<group>";
		};
		BDBB31AB2BE01D8300E8618C /* Presentation */ = {
			isa = PBXGroup;
			children = (
				BDBB31872BE00F2D00E8618C /* DependencyCoordinator.swift */,
				BDBB319E2BE0159100E8618C /* Constants */,
				BDBB31942BE0133600E8618C /* Extensions */,
				BDBB31992BE0153200E8618C /* Modifiers */,
				BDBB318C2BE0103600E8618C /* Views */,
			);
			path = Presentation;
			sourceTree = "<group>";
		};
		BDBB31AE2BE01E6700E8618C /* Networking */ = {
			isa = PBXGroup;
			children = (
				BDBB31CA2BE035E200E8618C /* Responses */,
				BDBB31BC2BE020EA00E8618C /* Requests */,
				BDBB31B22BE01EE400E8618C /* NetworkSession.swift */,
			);
			path = Networking;
			sourceTree = "<group>";
		};
		BDBB31B12BE01EA000E8618C /* Repositories */ = {
			isa = PBXGroup;
			children = (
				BDBB31AC2BE01D9D00E8618C /* WeatherRepository.swift */,
			);
			path = Repositories;
			sourceTree = "<group>";
		};
		BDBB31BC2BE020EA00E8618C /* Requests */ = {
			isa = PBXGroup;
			children = (
				BDBB31AF2BE01E7300E8618C /* ApiRequest.swift */,
				BDBB31BA2BE020E500E8618C /* WeatherRequest.swift */,
			);
			path = Requests;
			sourceTree = "<group>";
		};
		BDBB31BF2BE022B700E8618C /* Services */ = {
			isa = PBXGroup;
			children = (
				BDBB31BD2BE022AF00E8618C /* WeatherService.swift */,
				BDBB31D42BE12C2B00E8618C /* LocationService.swift */,
			);
			path = Services;
			sourceTree = "<group>";
		};
		BDBB31C22BE0268C00E8618C /* Fragments */ = {
			isa = PBXGroup;
			children = (
				BDBB31C02BE025F200E8618C /* LoadingView.swift */,
				BDBB31C32BE028C000E8618C /* PrimaryButton.swift */,
			);
			path = Fragments;
			sourceTree = "<group>";
		};
		BDBB31CA2BE035E200E8618C /* Responses */ = {
			isa = PBXGroup;
			children = (
				BDBB31C82BE035D600E8618C /* WeatherResponse.swift */,
			);
			path = Responses;
			sourceTree = "<group>";
		};
		BDBB31CD2BE038BD00E8618C /* States */ = {
			isa = PBXGroup;
			children = (
				BDBB31CE2BE038CF00E8618C /* WatherResultsState.swift */,
			);
			path = States;
			sourceTree = "<group>";
		};
		BDBB31D02BE0392500E8618C /* Dto */ = {
			isa = PBXGroup;
			children = (
				BDBB31CB2BE036AC00E8618C /* WeatherDto.swift */,
			);
			path = Dto;
			sourceTree = "<group>";
		};
		BDBB31D32BE05DEB00E8618C /* Data */ = {
			isa = PBXGroup;
			children = (
				BDBB31B12BE01EA000E8618C /* Repositories */,
				BDBB31AE2BE01E6700E8618C /* Networking */,
			);
			path = Data;
			sourceTree = "<group>";
		};
		BDBB31D82BE145D100E8618C /* Utils */ = {
			isa = PBXGroup;
			children = (
				BDBB31D92BE145E800E8618C /* WeatherTitleUtil.swift */,
			);
			path = Utils;
			sourceTree = "<group>";
		};
		BDBB31DD2BE14B3000E8618C /* Utils */ = {
			isa = PBXGroup;
			children = (
				BDBB31DB2BE149EE00E8618C /* WeatherTitleUtilTests.swift */,
			);
			path = Utils;
			sourceTree = "<group>";
		};
		BDBB31DE2BE14B3800E8618C /* Services */ = {
			isa = PBXGroup;
			children = (
				BDBB31DF2BE14B4F00E8618C /* LocationServiceTests.swift */,
			);
			path = Services;
			sourceTree = "<group>";
		};
/* End PBXGroup section */

/* Begin PBXNativeTarget section */
		BDBB31522BE00CA600E8618C /* sunshine-or-apocalypse */ = {
			isa = PBXNativeTarget;
			buildConfigurationList = BDBB31782BE00CA800E8618C /* Build configuration list for PBXNativeTarget "sunshine-or-apocalypse" */;
			buildPhases = (
				BDBB314F2BE00CA600E8618C /* Sources */,
				BDBB31502BE00CA600E8618C /* Frameworks */,
				BDBB31512BE00CA600E8618C /* Resources */,
			);
			buildRules = (
			);
			dependencies = (
			);
			name = "sunshine-or-apocalypse";
			packageProductDependencies = (
				BDBB31B62BE01FEE00E8618C /* Alamofire */,
			);
			productName = "sunshine-or-apocalypse";
			productReference = BDBB31532BE00CA600E8618C /* sunshine-or-apocalypse.app */;
			productType = "com.apple.product-type.application";
		};
		BDBB31632BE00CA800E8618C /* sunshine-or-apocalypseTests */ = {
			isa = PBXNativeTarget;
			buildConfigurationList = BDBB317B2BE00CA800E8618C /* Build configuration list for PBXNativeTarget "sunshine-or-apocalypseTests" */;
			buildPhases = (
				BDBB31602BE00CA800E8618C /* Sources */,
				BDBB31612BE00CA800E8618C /* Frameworks */,
				BDBB31622BE00CA800E8618C /* Resources */,
			);
			buildRules = (
			);
			dependencies = (
				BDBB31662BE00CA800E8618C /* PBXTargetDependency */,
			);
			name = "sunshine-or-apocalypseTests";
			productName = "sunshine-or-apocalypseTests";
			productReference = BDBB31642BE00CA800E8618C /* sunshine-or-apocalypseTests.xctest */;
			productType = "com.apple.product-type.bundle.unit-test";
		};
		BDBB316D2BE00CA800E8618C /* sunshine-or-apocalypseUITests */ = {
			isa = PBXNativeTarget;
			buildConfigurationList = BDBB317E2BE00CA800E8618C /* Build configuration list for PBXNativeTarget "sunshine-or-apocalypseUITests" */;
			buildPhases = (
				BDBB316A2BE00CA800E8618C /* Sources */,
				BDBB316B2BE00CA800E8618C /* Frameworks */,
				BDBB316C2BE00CA800E8618C /* Resources */,
			);
			buildRules = (
			);
			dependencies = (
				BDBB31702BE00CA800E8618C /* PBXTargetDependency */,
			);
			name = "sunshine-or-apocalypseUITests";
			productName = "sunshine-or-apocalypseUITests";
			productReference = BDBB316E2BE00CA800E8618C /* sunshine-or-apocalypseUITests.xctest */;
			productType = "com.apple.product-type.bundle.ui-testing";
		};
/* End PBXNativeTarget section */

/* Begin PBXProject section */
		BDBB314B2BE00CA600E8618C /* Project object */ = {
			isa = PBXProject;
			attributes = {
				BuildIndependentTargetsInParallel = 1;
				LastSwiftUpdateCheck = 1510;
				LastUpgradeCheck = 1510;
				TargetAttributes = {
					BDBB31522BE00CA600E8618C = {
						CreatedOnToolsVersion = 15.1;
					};
					BDBB31632BE00CA800E8618C = {
						CreatedOnToolsVersion = 15.1;
						TestTargetID = BDBB31522BE00CA600E8618C;
					};
					BDBB316D2BE00CA800E8618C = {
						CreatedOnToolsVersion = 15.1;
						TestTargetID = BDBB31522BE00CA600E8618C;
					};
				};
			};
			buildConfigurationList = BDBB314E2BE00CA600E8618C /* Build configuration list for PBXProject "sunshine-or-apocalypse" */;
			compatibilityVersion = "Xcode 14.0";
			developmentRegion = en;
			hasScannedForEncodings = 0;
			knownRegions = (
				en,
				Base,
			);
			mainGroup = BDBB314A2BE00CA600E8618C;
			packageReferences = (
				BDBB31B52BE01FEE00E8618C /* XCRemoteSwiftPackageReference "Alamofire" */,
			);
			productRefGroup = BDBB31542BE00CA600E8618C /* Products */;
			projectDirPath = "";
			projectRoot = "";
			targets = (
				BDBB31522BE00CA600E8618C /* sunshine-or-apocalypse */,
				BDBB31632BE00CA800E8618C /* sunshine-or-apocalypseTests */,
				BDBB316D2BE00CA800E8618C /* sunshine-or-apocalypseUITests */,
			);
		};
/* End PBXProject section */

/* Begin PBXResourcesBuildPhase section */
		BDBB31512BE00CA600E8618C /* Resources */ = {
			isa = PBXResourcesBuildPhase;
			buildActionMask = 2147483647;
			files = (
				BDBB31C52BE02CD000E8618C /* open_sans_bold.ttf in Resources */,
				BDBB315F2BE00CA800E8618C /* Preview Assets.xcassets in Resources */,
				BDBB31C72BE02CD000E8618C /* open_sans_regular.ttf in Resources */,
				BDBB31C62BE02CD000E8618C /* open_sans_semi_bold.ttf in Resources */,
				BDBB315B2BE00CA800E8618C /* Assets.xcassets in Resources */,
			);
			runOnlyForDeploymentPostprocessing = 0;
		};
		BDBB31622BE00CA800E8618C /* Resources */ = {
			isa = PBXResourcesBuildPhase;
			buildActionMask = 2147483647;
			files = (
			);
			runOnlyForDeploymentPostprocessing = 0;
		};
		BDBB316C2BE00CA800E8618C /* Resources */ = {
			isa = PBXResourcesBuildPhase;
			buildActionMask = 2147483647;
			files = (
			);
			runOnlyForDeploymentPostprocessing = 0;
		};
/* End PBXResourcesBuildPhase section */

/* Begin PBXSourcesBuildPhase section */
		BDBB314F2BE00CA600E8618C /* Sources */ = {
			isa = PBXSourcesBuildPhase;
			buildActionMask = 2147483647;
			files = (
				BDBB31932BE0131800E8618C /* Dimensions+extension.swift in Sources */,
				BDBB319D2BE0158100E8618C /* FontName.swift in Sources */,
				BDBB31C12BE025F200E8618C /* LoadingView.swift in Sources */,
				BDBB319B2BE0155600E8618C /* Font+extension.swift in Sources */,
				BDBB31592BE00CA600E8618C /* SearchView.swift in Sources */,
				BDBB31962BE014D900E8618C /* SunshineOrApocalypseTextFieldStyle.swift in Sources */,
				BDBB31E22BE152A700E8618C /* WeatherResultsView.swift in Sources */,
				BDBB31D52BE12C2B00E8618C /* LocationService.swift in Sources */,
				BDBB31572BE00CA600E8618C /* MainApp.swift in Sources */,
				BDBB31D22BE0393200E8618C /* Weather.swift in Sources */,
				BDBB31862BE00EE900E8618C /* CoordinatorView.swift in Sources */,
				BDBB31982BE0151A00E8618C /* FontSize+extension.swift in Sources */,
				BDBB31A52BE016AB00E8618C /* Color+extension.swift in Sources */,
				BDBB31912BE0111500E8618C /* SunshineOrApocalypseAlert.swift in Sources */,
				BDBB31DA2BE145E800E8618C /* WeatherTitleUtil.swift in Sources */,
				BDBB31BB2BE020E500E8618C /* WeatherRequest.swift in Sources */,
				BDBB31882BE00F2D00E8618C /* DependencyCoordinator.swift in Sources */,
				BDBB31B92BE0204B00E8618C /* Url+extension.swift in Sources */,
				BDBB31A72BE0186500E8618C /* Navigation.swift in Sources */,
				BDBB31BE2BE022AF00E8618C /* WeatherService.swift in Sources */,
				BDBB31B02BE01E7300E8618C /* ApiRequest.swift in Sources */,
				BDBB31CC2BE036AC00E8618C /* WeatherDto.swift in Sources */,
				BDBB31D72BE12C7F00E8618C /* Coordinates.swift in Sources */,
				BDBB31AD2BE01D9D00E8618C /* WeatherRepository.swift in Sources */,
				BDBB31C42BE028C000E8618C /* PrimaryButton.swift in Sources */,
				BDBB31B32BE01EE400E8618C /* NetworkSession.swift in Sources */,
				BDBB31CF2BE038CF00E8618C /* WatherResultsState.swift in Sources */,
				BDBB31C92BE035D600E8618C /* WeatherResponse.swift in Sources */,
				BDBB318E2BE010B700E8618C /* AlertManager.swift in Sources */,
			);
			runOnlyForDeploymentPostprocessing = 0;
		};
		BDBB31602BE00CA800E8618C /* Sources */ = {
			isa = PBXSourcesBuildPhase;
			buildActionMask = 2147483647;
			files = (
				BDBB31E02BE14B4F00E8618C /* LocationServiceTests.swift in Sources */,
				BDBB31DC2BE149EE00E8618C /* WeatherTitleUtilTests.swift in Sources */,
			);
			runOnlyForDeploymentPostprocessing = 0;
		};
		BDBB316A2BE00CA800E8618C /* Sources */ = {
			isa = PBXSourcesBuildPhase;
			buildActionMask = 2147483647;
			files = (
				BDBB31732BE00CA800E8618C /* sunshine_or_apocalypseUITests.swift in Sources */,
				BDBB31752BE00CA800E8618C /* sunshine_or_apocalypseUITestsLaunchTests.swift in Sources */,
			);
			runOnlyForDeploymentPostprocessing = 0;
		};
/* End PBXSourcesBuildPhase section */

/* Begin PBXTargetDependency section */
		BDBB31662BE00CA800E8618C /* PBXTargetDependency */ = {
			isa = PBXTargetDependency;
			target = BDBB31522BE00CA600E8618C /* sunshine-or-apocalypse */;
			targetProxy = BDBB31652BE00CA800E8618C /* PBXContainerItemProxy */;
		};
		BDBB31702BE00CA800E8618C /* PBXTargetDependency */ = {
			isa = PBXTargetDependency;
			target = BDBB31522BE00CA600E8618C /* sunshine-or-apocalypse */;
			targetProxy = BDBB316F2BE00CA800E8618C /* PBXContainerItemProxy */;
		};
/* End PBXTargetDependency section */

/* Begin XCBuildConfiguration section */
		BDBB31762BE00CA800E8618C /* Debug */ = {
			isa = XCBuildConfiguration;
			buildSettings = {
				ALWAYS_SEARCH_USER_PATHS = NO;
				ASSETCATALOG_COMPILER_GENERATE_SWIFT_ASSET_SYMBOL_EXTENSIONS = YES;
				CLANG_ANALYZER_NONNULL = YES;
				CLANG_ANALYZER_NUMBER_OBJECT_CONVERSION = YES_AGGRESSIVE;
				CLANG_CXX_LANGUAGE_STANDARD = "gnu++20";
				CLANG_ENABLE_MODULES = YES;
				CLANG_ENABLE_OBJC_ARC = YES;
				CLANG_ENABLE_OBJC_WEAK = YES;
				CLANG_WARN_BLOCK_CAPTURE_AUTORELEASING = YES;
				CLANG_WARN_BOOL_CONVERSION = YES;
				CLANG_WARN_COMMA = YES;
				CLANG_WARN_CONSTANT_CONVERSION = YES;
				CLANG_WARN_DEPRECATED_OBJC_IMPLEMENTATIONS = YES;
				CLANG_WARN_DIRECT_OBJC_ISA_USAGE = YES_ERROR;
				CLANG_WARN_DOCUMENTATION_COMMENTS = YES;
				CLANG_WARN_EMPTY_BODY = YES;
				CLANG_WARN_ENUM_CONVERSION = YES;
				CLANG_WARN_INFINITE_RECURSION = YES;
				CLANG_WARN_INT_CONVERSION = YES;
				CLANG_WARN_NON_LITERAL_NULL_CONVERSION = YES;
				CLANG_WARN_OBJC_IMPLICIT_RETAIN_SELF = YES;
				CLANG_WARN_OBJC_LITERAL_CONVERSION = YES;
				CLANG_WARN_OBJC_ROOT_CLASS = YES_ERROR;
				CLANG_WARN_QUOTED_INCLUDE_IN_FRAMEWORK_HEADER = YES;
				CLANG_WARN_RANGE_LOOP_ANALYSIS = YES;
				CLANG_WARN_STRICT_PROTOTYPES = YES;
				CLANG_WARN_SUSPICIOUS_MOVE = YES;
				CLANG_WARN_UNGUARDED_AVAILABILITY = YES_AGGRESSIVE;
				CLANG_WARN_UNREACHABLE_CODE = YES;
				CLANG_WARN__DUPLICATE_METHOD_MATCH = YES;
				COPY_PHASE_STRIP = NO;
				DEBUG_INFORMATION_FORMAT = dwarf;
				ENABLE_STRICT_OBJC_MSGSEND = YES;
				ENABLE_TESTABILITY = YES;
				ENABLE_USER_SCRIPT_SANDBOXING = YES;
				GCC_C_LANGUAGE_STANDARD = gnu17;
				GCC_DYNAMIC_NO_PIC = NO;
				GCC_NO_COMMON_BLOCKS = YES;
				GCC_OPTIMIZATION_LEVEL = 0;
				GCC_PREPROCESSOR_DEFINITIONS = (
					"DEBUG=1",
					"$(inherited)",
				);
				GCC_WARN_64_TO_32_BIT_CONVERSION = YES;
				GCC_WARN_ABOUT_RETURN_TYPE = YES_ERROR;
				GCC_WARN_UNDECLARED_SELECTOR = YES;
				GCC_WARN_UNINITIALIZED_AUTOS = YES_AGGRESSIVE;
				GCC_WARN_UNUSED_FUNCTION = YES;
				GCC_WARN_UNUSED_VARIABLE = YES;
				LOCALIZATION_PREFERS_STRING_CATALOGS = YES;
				MTL_ENABLE_DEBUG_INFO = INCLUDE_SOURCE;
				MTL_FAST_MATH = YES;
				ONLY_ACTIVE_ARCH = YES;
				SWIFT_ACTIVE_COMPILATION_CONDITIONS = "DEBUG $(inherited)";
				SWIFT_OPTIMIZATION_LEVEL = "-Onone";
			};
			name = Debug;
		};
		BDBB31772BE00CA800E8618C /* Release */ = {
			isa = XCBuildConfiguration;
			buildSettings = {
				ALWAYS_SEARCH_USER_PATHS = NO;
				ASSETCATALOG_COMPILER_GENERATE_SWIFT_ASSET_SYMBOL_EXTENSIONS = YES;
				CLANG_ANALYZER_NONNULL = YES;
				CLANG_ANALYZER_NUMBER_OBJECT_CONVERSION = YES_AGGRESSIVE;
				CLANG_CXX_LANGUAGE_STANDARD = "gnu++20";
				CLANG_ENABLE_MODULES = YES;
				CLANG_ENABLE_OBJC_ARC = YES;
				CLANG_ENABLE_OBJC_WEAK = YES;
				CLANG_WARN_BLOCK_CAPTURE_AUTORELEASING = YES;
				CLANG_WARN_BOOL_CONVERSION = YES;
				CLANG_WARN_COMMA = YES;
				CLANG_WARN_CONSTANT_CONVERSION = YES;
				CLANG_WARN_DEPRECATED_OBJC_IMPLEMENTATIONS = YES;
				CLANG_WARN_DIRECT_OBJC_ISA_USAGE = YES_ERROR;
				CLANG_WARN_DOCUMENTATION_COMMENTS = YES;
				CLANG_WARN_EMPTY_BODY = YES;
				CLANG_WARN_ENUM_CONVERSION = YES;
				CLANG_WARN_INFINITE_RECURSION = YES;
				CLANG_WARN_INT_CONVERSION = YES;
				CLANG_WARN_NON_LITERAL_NULL_CONVERSION = YES;
				CLANG_WARN_OBJC_IMPLICIT_RETAIN_SELF = YES;
				CLANG_WARN_OBJC_LITERAL_CONVERSION = YES;
				CLANG_WARN_OBJC_ROOT_CLASS = YES_ERROR;
				CLANG_WARN_QUOTED_INCLUDE_IN_FRAMEWORK_HEADER = YES;
				CLANG_WARN_RANGE_LOOP_ANALYSIS = YES;
				CLANG_WARN_STRICT_PROTOTYPES = YES;
				CLANG_WARN_SUSPICIOUS_MOVE = YES;
				CLANG_WARN_UNGUARDED_AVAILABILITY = YES_AGGRESSIVE;
				CLANG_WARN_UNREACHABLE_CODE = YES;
				CLANG_WARN__DUPLICATE_METHOD_MATCH = YES;
				COPY_PHASE_STRIP = NO;
				DEBUG_INFORMATION_FORMAT = "dwarf-with-dsym";
				ENABLE_NS_ASSERTIONS = NO;
				ENABLE_STRICT_OBJC_MSGSEND = YES;
				ENABLE_USER_SCRIPT_SANDBOXING = YES;
				GCC_C_LANGUAGE_STANDARD = gnu17;
				GCC_NO_COMMON_BLOCKS = YES;
				GCC_WARN_64_TO_32_BIT_CONVERSION = YES;
				GCC_WARN_ABOUT_RETURN_TYPE = YES_ERROR;
				GCC_WARN_UNDECLARED_SELECTOR = YES;
				GCC_WARN_UNINITIALIZED_AUTOS = YES_AGGRESSIVE;
				GCC_WARN_UNUSED_FUNCTION = YES;
				GCC_WARN_UNUSED_VARIABLE = YES;
				LOCALIZATION_PREFERS_STRING_CATALOGS = YES;
				MTL_ENABLE_DEBUG_INFO = NO;
				MTL_FAST_MATH = YES;
				SWIFT_COMPILATION_MODE = wholemodule;
			};
			name = Release;
		};
		BDBB31792BE00CA800E8618C /* Debug */ = {
			isa = XCBuildConfiguration;
			buildSettings = {
				ASSETCATALOG_COMPILER_APPICON_NAME = AppIcon;
				ASSETCATALOG_COMPILER_GLOBAL_ACCENT_COLOR_NAME = AccentColor;
				CODE_SIGN_ENTITLEMENTS = "sunshine-or-apocalypse/sunshine_or_apocalypse.entitlements";
				CODE_SIGN_STYLE = Automatic;
				CURRENT_PROJECT_VERSION = 1;
				DEVELOPMENT_ASSET_PATHS = "\"sunshine-or-apocalypse/Preview Content\"";
				DEVELOPMENT_TEAM = "";
				ENABLE_PREVIEWS = YES;
				GENERATE_INFOPLIST_FILE = YES;
				INFOPLIST_FILE = "sunshine-or-apocalypse/Info.plist";
				"INFOPLIST_KEY_UIApplicationSceneManifest_Generation[sdk=iphoneos*]" = YES;
				"INFOPLIST_KEY_UIApplicationSceneManifest_Generation[sdk=iphonesimulator*]" = YES;
				"INFOPLIST_KEY_UIApplicationSupportsIndirectInputEvents[sdk=iphoneos*]" = YES;
				"INFOPLIST_KEY_UIApplicationSupportsIndirectInputEvents[sdk=iphonesimulator*]" = YES;
				"INFOPLIST_KEY_UILaunchScreen_Generation[sdk=iphoneos*]" = YES;
				"INFOPLIST_KEY_UILaunchScreen_Generation[sdk=iphonesimulator*]" = YES;
				"INFOPLIST_KEY_UIStatusBarStyle[sdk=iphoneos*]" = UIStatusBarStyleDefault;
				"INFOPLIST_KEY_UIStatusBarStyle[sdk=iphonesimulator*]" = UIStatusBarStyleDefault;
				INFOPLIST_KEY_UISupportedInterfaceOrientations_iPad = "UIInterfaceOrientationPortrait UIInterfaceOrientationPortraitUpsideDown UIInterfaceOrientationLandscapeLeft UIInterfaceOrientationLandscapeRight";
				INFOPLIST_KEY_UISupportedInterfaceOrientations_iPhone = "UIInterfaceOrientationPortrait UIInterfaceOrientationLandscapeLeft UIInterfaceOrientationLandscapeRight";
				IPHONEOS_DEPLOYMENT_TARGET = 15.0;
				LD_RUNPATH_SEARCH_PATHS = "@executable_path/Frameworks";
				"LD_RUNPATH_SEARCH_PATHS[sdk=macosx*]" = "@executable_path/../Frameworks";
				MACOSX_DEPLOYMENT_TARGET = 14.2;
				MARKETING_VERSION = 1.0;
				PRODUCT_BUNDLE_IDENTIFIER = "com.piscopio.sunshine-or-apocalypse";
				PRODUCT_NAME = "$(TARGET_NAME)";
				SDKROOT = auto;
				SUPPORTED_PLATFORMS = "iphoneos iphonesimulator macosx";
				SWIFT_EMIT_LOC_STRINGS = YES;
				SWIFT_VERSION = 5.0;
				TARGETED_DEVICE_FAMILY = "1,2";
			};
			name = Debug;
		};
		BDBB317A2BE00CA800E8618C /* Release */ = {
			isa = XCBuildConfiguration;
			buildSettings = {
				ASSETCATALOG_COMPILER_APPICON_NAME = AppIcon;
				ASSETCATALOG_COMPILER_GLOBAL_ACCENT_COLOR_NAME = AccentColor;
				CODE_SIGN_ENTITLEMENTS = "sunshine-or-apocalypse/sunshine_or_apocalypse.entitlements";
				CODE_SIGN_STYLE = Automatic;
				CURRENT_PROJECT_VERSION = 1;
				DEVELOPMENT_ASSET_PATHS = "\"sunshine-or-apocalypse/Preview Content\"";
				DEVELOPMENT_TEAM = "";
				ENABLE_PREVIEWS = YES;
				GENERATE_INFOPLIST_FILE = YES;
				INFOPLIST_FILE = "sunshine-or-apocalypse/Info.plist";
				"INFOPLIST_KEY_UIApplicationSceneManifest_Generation[sdk=iphoneos*]" = YES;
				"INFOPLIST_KEY_UIApplicationSceneManifest_Generation[sdk=iphonesimulator*]" = YES;
				"INFOPLIST_KEY_UIApplicationSupportsIndirectInputEvents[sdk=iphoneos*]" = YES;
				"INFOPLIST_KEY_UIApplicationSupportsIndirectInputEvents[sdk=iphonesimulator*]" = YES;
				"INFOPLIST_KEY_UILaunchScreen_Generation[sdk=iphoneos*]" = YES;
				"INFOPLIST_KEY_UILaunchScreen_Generation[sdk=iphonesimulator*]" = YES;
				"INFOPLIST_KEY_UIStatusBarStyle[sdk=iphoneos*]" = UIStatusBarStyleDefault;
				"INFOPLIST_KEY_UIStatusBarStyle[sdk=iphonesimulator*]" = UIStatusBarStyleDefault;
				INFOPLIST_KEY_UISupportedInterfaceOrientations_iPad = "UIInterfaceOrientationPortrait UIInterfaceOrientationPortraitUpsideDown UIInterfaceOrientationLandscapeLeft UIInterfaceOrientationLandscapeRight";
				INFOPLIST_KEY_UISupportedInterfaceOrientations_iPhone = "UIInterfaceOrientationPortrait UIInterfaceOrientationLandscapeLeft UIInterfaceOrientationLandscapeRight";
				IPHONEOS_DEPLOYMENT_TARGET = 15.0;
				LD_RUNPATH_SEARCH_PATHS = "@executable_path/Frameworks";
				"LD_RUNPATH_SEARCH_PATHS[sdk=macosx*]" = "@executable_path/../Frameworks";
				MACOSX_DEPLOYMENT_TARGET = 14.2;
				MARKETING_VERSION = 1.0;
				PRODUCT_BUNDLE_IDENTIFIER = "com.piscopio.sunshine-or-apocalypse";
				PRODUCT_NAME = "$(TARGET_NAME)";
				SDKROOT = auto;
				SUPPORTED_PLATFORMS = "iphoneos iphonesimulator macosx";
				SWIFT_EMIT_LOC_STRINGS = YES;
				SWIFT_VERSION = 5.0;
				TARGETED_DEVICE_FAMILY = "1,2";
			};
			name = Release;
		};
		BDBB317C2BE00CA800E8618C /* Debug */ = {
			isa = XCBuildConfiguration;
			buildSettings = {
				ALWAYS_EMBED_SWIFT_STANDARD_LIBRARIES = YES;
				BUNDLE_LOADER = "$(TEST_HOST)";
				CODE_SIGN_STYLE = Automatic;
				CURRENT_PROJECT_VERSION = 1;
				GENERATE_INFOPLIST_FILE = YES;
				IPHONEOS_DEPLOYMENT_TARGET = 17.2;
				MACOSX_DEPLOYMENT_TARGET = 14.2;
				MARKETING_VERSION = 1.0;
				PRODUCT_BUNDLE_IDENTIFIER = "com.piscopio.sunshine-or-apocalypse.sunshine-or-apocalypseTests";
				PRODUCT_NAME = "$(TARGET_NAME)";
				SDKROOT = auto;
				SUPPORTED_PLATFORMS = "iphoneos iphonesimulator macosx";
				SWIFT_EMIT_LOC_STRINGS = NO;
				SWIFT_VERSION = 5.0;
				TARGETED_DEVICE_FAMILY = "1,2";
				TEST_HOST = "$(BUILT_PRODUCTS_DIR)/sunshine-or-apocalypse.app/$(BUNDLE_EXECUTABLE_FOLDER_PATH)/sunshine-or-apocalypse";
			};
			name = Debug;
		};
		BDBB317D2BE00CA800E8618C /* Release */ = {
			isa = XCBuildConfiguration;
			buildSettings = {
				ALWAYS_EMBED_SWIFT_STANDARD_LIBRARIES = YES;
				BUNDLE_LOADER = "$(TEST_HOST)";
				CODE_SIGN_STYLE = Automatic;
				CURRENT_PROJECT_VERSION = 1;
				GENERATE_INFOPLIST_FILE = YES;
				IPHONEOS_DEPLOYMENT_TARGET = 17.2;
				MACOSX_DEPLOYMENT_TARGET = 14.2;
				MARKETING_VERSION = 1.0;
				PRODUCT_BUNDLE_IDENTIFIER = "com.piscopio.sunshine-or-apocalypse.sunshine-or-apocalypseTests";
				PRODUCT_NAME = "$(TARGET_NAME)";
				SDKROOT = auto;
				SUPPORTED_PLATFORMS = "iphoneos iphonesimulator macosx";
				SWIFT_EMIT_LOC_STRINGS = NO;
				SWIFT_VERSION = 5.0;
				TARGETED_DEVICE_FAMILY = "1,2";
				TEST_HOST = "$(BUILT_PRODUCTS_DIR)/sunshine-or-apocalypse.app/$(BUNDLE_EXECUTABLE_FOLDER_PATH)/sunshine-or-apocalypse";
			};
			name = Release;
		};
		BDBB317F2BE00CA800E8618C /* Debug */ = {
			isa = XCBuildConfiguration;
			buildSettings = {
				ALWAYS_EMBED_SWIFT_STANDARD_LIBRARIES = YES;
				CODE_SIGN_STYLE = Automatic;
				CURRENT_PROJECT_VERSION = 1;
				GENERATE_INFOPLIST_FILE = YES;
				IPHONEOS_DEPLOYMENT_TARGET = 17.2;
				MACOSX_DEPLOYMENT_TARGET = 14.2;
				MARKETING_VERSION = 1.0;
				PRODUCT_BUNDLE_IDENTIFIER = "com.piscopio.sunshine-or-apocalypse.sunshine-or-apocalypseUITests";
				PRODUCT_NAME = "$(TARGET_NAME)";
				SDKROOT = auto;
				SUPPORTED_PLATFORMS = "iphoneos iphonesimulator macosx";
				SWIFT_EMIT_LOC_STRINGS = NO;
				SWIFT_VERSION = 5.0;
				TARGETED_DEVICE_FAMILY = "1,2";
				TEST_TARGET_NAME = "sunshine-or-apocalypse";
			};
			name = Debug;
		};
		BDBB31802BE00CA800E8618C /* Release */ = {
			isa = XCBuildConfiguration;
			buildSettings = {
				ALWAYS_EMBED_SWIFT_STANDARD_LIBRARIES = YES;
				CODE_SIGN_STYLE = Automatic;
				CURRENT_PROJECT_VERSION = 1;
				GENERATE_INFOPLIST_FILE = YES;
				IPHONEOS_DEPLOYMENT_TARGET = 17.2;
				MACOSX_DEPLOYMENT_TARGET = 14.2;
				MARKETING_VERSION = 1.0;
				PRODUCT_BUNDLE_IDENTIFIER = "com.piscopio.sunshine-or-apocalypse.sunshine-or-apocalypseUITests";
				PRODUCT_NAME = "$(TARGET_NAME)";
				SDKROOT = auto;
				SUPPORTED_PLATFORMS = "iphoneos iphonesimulator macosx";
				SWIFT_EMIT_LOC_STRINGS = NO;
				SWIFT_VERSION = 5.0;
				TARGETED_DEVICE_FAMILY = "1,2";
				TEST_TARGET_NAME = "sunshine-or-apocalypse";
			};
			name = Release;
		};
/* End XCBuildConfiguration section */

/* Begin XCConfigurationList section */
		BDBB314E2BE00CA600E8618C /* Build configuration list for PBXProject "sunshine-or-apocalypse" */ = {
			isa = XCConfigurationList;
			buildConfigurations = (
				BDBB31762BE00CA800E8618C /* Debug */,
				BDBB31772BE00CA800E8618C /* Release */,
			);
			defaultConfigurationIsVisible = 0;
			defaultConfigurationName = Release;
		};
		BDBB31782BE00CA800E8618C /* Build configuration list for PBXNativeTarget "sunshine-or-apocalypse" */ = {
			isa = XCConfigurationList;
			buildConfigurations = (
				BDBB31792BE00CA800E8618C /* Debug */,
				BDBB317A2BE00CA800E8618C /* Release */,
			);
			defaultConfigurationIsVisible = 0;
			defaultConfigurationName = Release;
		};
		BDBB317B2BE00CA800E8618C /* Build configuration list for PBXNativeTarget "sunshine-or-apocalypseTests" */ = {
			isa = XCConfigurationList;
			buildConfigurations = (
				BDBB317C2BE00CA800E8618C /* Debug */,
				BDBB317D2BE00CA800E8618C /* Release */,
			);
			defaultConfigurationIsVisible = 0;
			defaultConfigurationName = Release;
		};
		BDBB317E2BE00CA800E8618C /* Build configuration list for PBXNativeTarget "sunshine-or-apocalypseUITests" */ = {
			isa = XCConfigurationList;
			buildConfigurations = (
				BDBB317F2BE00CA800E8618C /* Debug */,
				BDBB31802BE00CA800E8618C /* Release */,
			);
			defaultConfigurationIsVisible = 0;
			defaultConfigurationName = Release;
		};
/* End XCConfigurationList section */

/* Begin XCRemoteSwiftPackageReference section */
		BDBB31B52BE01FEE00E8618C /* XCRemoteSwiftPackageReference "Alamofire" */ = {
			isa = XCRemoteSwiftPackageReference;
			repositoryURL = "https://github.com/Alamofire/Alamofire.git";
			requirement = {
				kind = upToNextMajorVersion;
				minimumVersion = 5.9.1;
			};
		};
/* End XCRemoteSwiftPackageReference section */

/* Begin XCSwiftPackageProductDependency section */
		BDBB31B62BE01FEE00E8618C /* Alamofire */ = {
			isa = XCSwiftPackageProductDependency;
			package = BDBB31B52BE01FEE00E8618C /* XCRemoteSwiftPackageReference "Alamofire" */;
			productName = Alamofire;
		};
/* End XCSwiftPackageProductDependency section */
	};
	rootObject = BDBB314B2BE00CA600E8618C /* Project object */;
}
